
Microsoft Visual Studio Solution File, Format Version 12.00
# Visual Studio Version 16
VisualStudioVersion = 16.0.30717.126
MinimumVisualStudioVersion = 10.0.40219.1
Project("{FAE04EC0-301F-11D3-BF4B-00C04F79EFBC}") = "MouseClickEmulation", "MouseClickEmulation\MouseClickEmulation.csproj", "{DB0E3848-603F-4187-B262-0F1E73236288}"
EndProject
Project("{FAE04EC0-301F-11D3-BF4B-00C04F79EFBC}") = "MouseClickEmulationWPF", "MouseClickEmulationWPF\MouseClickEmulationWPF.csproj", "{8F953C7C-C886-4094-82D8-8A735B738726}"
EndProject
Project("{FAE04EC0-301F-11D3-BF4B-00C04F79EFBC}") = "NativeUtils", "..\HotKeyDist\NativeMethods\NativeUtils.csproj", "{A5093E6E-4A3F-454C-AA4B-B5F8F88B4FD2}"
EndProject
Global
	GlobalSection(SolutionConfigurationPlatforms) = preSolution
		Debug|Any CPU = Debug|Any CPU
		Release|Any CPU = Release|Any CPU
	EndGlobalSection
	GlobalSection(ProjectConfigurationPlatforms) = postSolution
		{DB0E3848-603F-4187-B262-0F1E73236288}.Debug|Any CPU.ActiveCfg = Debug|Any CPU
		{DB0E3848-603F-4187-B262-0F1E73236288}.Debug|Any CPU.Build.0 = Debug|Any CPU
		{DB0E3848-603F-4187-B262-0F1E73236288}.Release|Any CPU.ActiveCfg = Release|Any CPU
		{DB0E3848-603F-4187-B262-0F1E73236288}.Release|Any CPU.Build.0 = Release|Any CPU
		{8F953C7C-C886-4094-82D8-8A735B738726}.Debug|Any CPU.ActiveCfg = Debug|Any CPU
		{8F953C7C-C886-4094-82D8-8A735B738726}.Debug|Any CPU.Build.0 = Debug|Any CPU
		{8F953C7C-C886-4094-82D8-8A735B738726}.Release|Any CPU.ActiveCfg = Release|Any CPU
		{8F953C7C-C886-4094-82D8-8A735B738726}.Release|Any CPU.Build.0 = Release|Any CPU
		{A5093E6E-4A3F-454C-AA4B-B5F8F88B4FD2}.Debug|Any CPU.ActiveCfg = Debug|Any CPU
		{A5093E6E-4A3F-454C-AA4B-B5F8F88B4FD2}.Debug|Any CPU.Build.0 = Debug|Any CPU
		{A5093E6E-4A3F-454C-AA4B-B5F8F88B4FD2}.Release|Any CPU.ActiveCfg = Release|Any CPU
		{A5093E6E-4A3F-454C-AA4B-B5F8F88B4FD2}.Release|Any CPU.Build.0 = Release|Any CPU
	EndGlobalSection
	GlobalSection(SolutionProperties) = preSolution
		HideSolutionNode = FALSE
	EndGlobalSection
	GlobalSection(ExtensibilityGlobals) = postSolution
		SolutionGuid = {24DC4BDB-BCFA-4FFC-91A7-E2B573B5EF57}
	EndGlobalSection
EndGlobal
